
Microsoft Visual Studio Solution File, Format Version 12.00
# Visual Studio Version 16
VisualStudioVersion = 16.0.31829.152
MinimumVisualStudioVersion = 10.0.40219.1
Project("{FAE04EC0-301F-11D3-BF4B-00C04F79EFBC}") = "Ostatecznietotenforms", "Ostatecznietotenforms\Ostatecznietotenforms.csproj", "{7BE8B1C6-7FAD-4B16-91A9-F799FD8DE1C2}"
EndProject
Global
	GlobalSection(SolutionConfigurationPlatforms) = preSolution
		Debug|Any CPU = Debug|Any CPU
		Release|Any CPU = Release|Any CPU
	EndGlobalSection
	GlobalSection(ProjectConfigurationPlatforms) = postSolution
		{7BE8B1C6-7FAD-4B16-91A9-F799FD8DE1C2}.Debug|Any CPU.ActiveCfg = Debug|Any CPU
		{7BE8B1C6-7FAD-4B16-91A9-F799FD8DE1C2}.Debug|Any CPU.Build.0 = Debug|Any CPU
		{7BE8B1C6-7FAD-4B16-91A9-F799FD8DE1C2}.Release|Any CPU.ActiveCfg = Release|Any CPU
		{7BE8B1C6-7FAD-4B16-91A9-F799FD8DE1C2}.Release|Any CPU.Build.0 = Release|Any CPU
	EndGlobalSection
	GlobalSection(SolutionProperties) = preSolution
		HideSolutionNode = FALSE
	EndGlobalSection
	GlobalSection(ExtensibilityGlobals) = postSolution
		SolutionGuid = {702E823F-605D-4209-B557-2AE6B4F06E6F}
	EndGlobalSection
EndGlobal
